
Microsoft Visual Studio Solution File, Format Version 12.00
# Visual Studio Version 17
VisualStudioVersion = 17.0.32112.339
MinimumVisualStudioVersion = 10.0.40219.1
Project("{FAE04EC0-301F-11D3-BF4B-00C04F79EFBC}") = "Zadacha-Nuget", "Zadacha-Nuget\Zadacha-Nuget.csproj", "{4E3B1748-609F-445B-AE9A-2450BA07AA01}"
EndProject
Project("{FAE04EC0-301F-11D3-BF4B-00C04F79EFBC}") = "JsonApp", "JsonApp\JsonApp.csproj", "{3C7E4818-86DE-436A-A376-CE05375E482B}"
EndProject
Project("{FAE04EC0-301F-11D3-BF4B-00C04F79EFBC}") = "Tesseract", "Tesseract\Tesseract.csproj", "{4D7A068E-13BC-43FC-A612-3C0929891BA6}"
EndProject
Project("{FAE04EC0-301F-11D3-BF4B-00C04F79EFBC}") = "Tesseract2", "Tesseract2\Tesseract2.csproj", "{899CE377-B95D-427C-89EE-8FCA387DA3E9}"
EndProject
Project("{FAE04EC0-301F-11D3-BF4B-00C04F79EFBC}") = "Tesseract3", "Tesseract3\Tesseract3.csproj", "{5F4271CD-976F-4014-B8C7-C423D3D2C3C0}"
EndProject
Global
	GlobalSection(SolutionConfigurationPlatforms) = preSolution
		Debug|Any CPU = Debug|Any CPU
		Release|Any CPU = Release|Any CPU
	EndGlobalSection
	GlobalSection(ProjectConfigurationPlatforms) = postSolution
		{4E3B1748-609F-445B-AE9A-2450BA07AA01}.Debug|Any CPU.ActiveCfg = Debug|Any CPU
		{4E3B1748-609F-445B-AE9A-2450BA07AA01}.Debug|Any CPU.Build.0 = Debug|Any CPU
		{4E3B1748-609F-445B-AE9A-2450BA07AA01}.Release|Any CPU.ActiveCfg = Release|Any CPU
		{4E3B1748-609F-445B-AE9A-2450BA07AA01}.Release|Any CPU.Build.0 = Release|Any CPU
		{3C7E4818-86DE-436A-A376-CE05375E482B}.Debug|Any CPU.ActiveCfg = Debug|Any CPU
		{3C7E4818-86DE-436A-A376-CE05375E482B}.Debug|Any CPU.Build.0 = Debug|Any CPU
		{3C7E4818-86DE-436A-A376-CE05375E482B}.Release|Any CPU.ActiveCfg = Release|Any CPU
		{3C7E4818-86DE-436A-A376-CE05375E482B}.Release|Any CPU.Build.0 = Release|Any CPU
		{4D7A068E-13BC-43FC-A612-3C0929891BA6}.Debug|Any CPU.ActiveCfg = Debug|Any CPU
		{4D7A068E-13BC-43FC-A612-3C0929891BA6}.Debug|Any CPU.Build.0 = Debug|Any CPU
		{4D7A068E-13BC-43FC-A612-3C0929891BA6}.Release|Any CPU.ActiveCfg = Release|Any CPU
		{4D7A068E-13BC-43FC-A612-3C0929891BA6}.Release|Any CPU.Build.0 = Release|Any CPU
		{899CE377-B95D-427C-89EE-8FCA387DA3E9}.Debug|Any CPU.ActiveCfg = Debug|Any CPU
		{899CE377-B95D-427C-89EE-8FCA387DA3E9}.Debug|Any CPU.Build.0 = Debug|Any CPU
		{899CE377-B95D-427C-89EE-8FCA387DA3E9}.Release|Any CPU.ActiveCfg = Release|Any CPU
		{899CE377-B95D-427C-89EE-8FCA387DA3E9}.Release|Any CPU.Build.0 = Release|Any CPU
		{5F4271CD-976F-4014-B8C7-C423D3D2C3C0}.Debug|Any CPU.ActiveCfg = Debug|Any CPU
		{5F4271CD-976F-4014-B8C7-C423D3D2C3C0}.Debug|Any CPU.Build.0 = Debug|Any CPU
		{5F4271CD-976F-4014-B8C7-C423D3D2C3C0}.Release|Any CPU.ActiveCfg = Release|Any CPU
		{5F4271CD-976F-4014-B8C7-C423D3D2C3C0}.Release|Any CPU.Build.0 = Release|Any CPU
	EndGlobalSection
	GlobalSection(SolutionProperties) = preSolution
		HideSolutionNode = FALSE
	EndGlobalSection
	GlobalSection(ExtensibilityGlobals) = postSolution
		SolutionGuid = {1E6D0931-5D74-4D9E-B9D1-43900013E1B9}
	EndGlobalSection
EndGlobal
