
Microsoft Visual Studio Solution File, Format Version 12.00
# Visual Studio Version 17
VisualStudioVersion = 17.2.32616.157
MinimumVisualStudioVersion = 10.0.40219.1
Project("{FAE04EC0-301F-11D3-BF4B-00C04F79EFBC}") = "Zadacha01", "Zadacha01\Zadacha01.csproj", "{F3E25A61-2307-4A0E-85A2-A5082751B42F}"
EndProject
Project("{FAE04EC0-301F-11D3-BF4B-00C04F79EFBC}") = "Zadacha02", "Zadacha02\Zadacha02.csproj", "{DD88D893-F5FD-41BA-947D-AD65322DD9BE}"
EndProject
Project("{FAE04EC0-301F-11D3-BF4B-00C04F79EFBC}") = "Zadacha03", "Zadacha03\Zadacha03.csproj", "{83D7AB6C-1440-4777-93B3-C7F2A48868A1}"
EndProject
Project("{FAE04EC0-301F-11D3-BF4B-00C04F79EFBC}") = "Zadacha04", "Zadacha04\Zadacha04.csproj", "{3233D507-6583-4139-94C0-676A1409FEB2}"
EndProject
Global
	GlobalSection(SolutionConfigurationPlatforms) = preSolution
		Debug|Any CPU = Debug|Any CPU
		Release|Any CPU = Release|Any CPU
	EndGlobalSection
	GlobalSection(ProjectConfigurationPlatforms) = postSolution
		{F3E25A61-2307-4A0E-85A2-A5082751B42F}.Debug|Any CPU.ActiveCfg = Debug|Any CPU
		{F3E25A61-2307-4A0E-85A2-A5082751B42F}.Debug|Any CPU.Build.0 = Debug|Any CPU
		{F3E25A61-2307-4A0E-85A2-A5082751B42F}.Release|Any CPU.ActiveCfg = Release|Any CPU
		{F3E25A61-2307-4A0E-85A2-A5082751B42F}.Release|Any CPU.Build.0 = Release|Any CPU
		{DD88D893-F5FD-41BA-947D-AD65322DD9BE}.Debug|Any CPU.ActiveCfg = Debug|Any CPU
		{DD88D893-F5FD-41BA-947D-AD65322DD9BE}.Debug|Any CPU.Build.0 = Debug|Any CPU
		{DD88D893-F5FD-41BA-947D-AD65322DD9BE}.Release|Any CPU.ActiveCfg = Release|Any CPU
		{DD88D893-F5FD-41BA-947D-AD65322DD9BE}.Release|Any CPU.Build.0 = Release|Any CPU
		{83D7AB6C-1440-4777-93B3-C7F2A48868A1}.Debug|Any CPU.ActiveCfg = Debug|Any CPU
		{83D7AB6C-1440-4777-93B3-C7F2A48868A1}.Debug|Any CPU.Build.0 = Debug|Any CPU
		{83D7AB6C-1440-4777-93B3-C7F2A48868A1}.Release|Any CPU.ActiveCfg = Release|Any CPU
		{83D7AB6C-1440-4777-93B3-C7F2A48868A1}.Release|Any CPU.Build.0 = Release|Any CPU
		{3233D507-6583-4139-94C0-676A1409FEB2}.Debug|Any CPU.ActiveCfg = Debug|Any CPU
		{3233D507-6583-4139-94C0-676A1409FEB2}.Debug|Any CPU.Build.0 = Debug|Any CPU
		{3233D507-6583-4139-94C0-676A1409FEB2}.Release|Any CPU.ActiveCfg = Release|Any CPU
		{3233D507-6583-4139-94C0-676A1409FEB2}.Release|Any CPU.Build.0 = Release|Any CPU
	EndGlobalSection
	GlobalSection(SolutionProperties) = preSolution
		HideSolutionNode = FALSE
	EndGlobalSection
	GlobalSection(ExtensibilityGlobals) = postSolution
		SolutionGuid = {44D47A57-EAC5-4906-8EB7-26A8EBCDDEAE}
	EndGlobalSection
EndGlobal
