
Microsoft Visual Studio Solution File, Format Version 12.00
# Visual Studio Version 16
VisualStudioVersion = 16.0.31229.75
MinimumVisualStudioVersion = 10.0.40219.1
Project("{FAE04EC0-301F-11D3-BF4B-00C04F79EFBC}") = "Zadacha01", "Zadacha01\Zadacha01.csproj", "{9AB98700-E34C-40DF-A47D-173ED0B14BEA}"
EndProject
Project("{FAE04EC0-301F-11D3-BF4B-00C04F79EFBC}") = "Zadacha02", "Zadacha02\Zadacha02.csproj", "{094382BA-E25B-4976-8DA8-39C11C28205E}"
EndProject
Project("{FAE04EC0-301F-11D3-BF4B-00C04F79EFBC}") = "Zadacha03", "Zadacha03\Zadacha03.csproj", "{85DD4A9D-4DD0-4888-A0FB-1005C7401837}"
EndProject
Global
	GlobalSection(SolutionConfigurationPlatforms) = preSolution
		Debug|Any CPU = Debug|Any CPU
		Release|Any CPU = Release|Any CPU
	EndGlobalSection
	GlobalSection(ProjectConfigurationPlatforms) = postSolution
		{9AB98700-E34C-40DF-A47D-173ED0B14BEA}.Debug|Any CPU.ActiveCfg = Debug|Any CPU
		{9AB98700-E34C-40DF-A47D-173ED0B14BEA}.Debug|Any CPU.Build.0 = Debug|Any CPU
		{9AB98700-E34C-40DF-A47D-173ED0B14BEA}.Release|Any CPU.ActiveCfg = Release|Any CPU
		{9AB98700-E34C-40DF-A47D-173ED0B14BEA}.Release|Any CPU.Build.0 = Release|Any CPU
		{094382BA-E25B-4976-8DA8-39C11C28205E}.Debug|Any CPU.ActiveCfg = Debug|Any CPU
		{094382BA-E25B-4976-8DA8-39C11C28205E}.Debug|Any CPU.Build.0 = Debug|Any CPU
		{094382BA-E25B-4976-8DA8-39C11C28205E}.Release|Any CPU.ActiveCfg = Release|Any CPU
		{094382BA-E25B-4976-8DA8-39C11C28205E}.Release|Any CPU.Build.0 = Release|Any CPU
		{85DD4A9D-4DD0-4888-A0FB-1005C7401837}.Debug|Any CPU.ActiveCfg = Debug|Any CPU
		{85DD4A9D-4DD0-4888-A0FB-1005C7401837}.Debug|Any CPU.Build.0 = Debug|Any CPU
		{85DD4A9D-4DD0-4888-A0FB-1005C7401837}.Release|Any CPU.ActiveCfg = Release|Any CPU
		{85DD4A9D-4DD0-4888-A0FB-1005C7401837}.Release|Any CPU.Build.0 = Release|Any CPU
	EndGlobalSection
	GlobalSection(SolutionProperties) = preSolution
		HideSolutionNode = FALSE
	EndGlobalSection
	GlobalSection(ExtensibilityGlobals) = postSolution
		SolutionGuid = {0BF93D7D-CB2A-4824-B6E9-2A9CAF6F7DF4}
	EndGlobalSection
EndGlobal
