
Microsoft Visual Studio Solution File, Format Version 12.00
# Visual Studio Version 17
VisualStudioVersion = 17.2.32616.157
MinimumVisualStudioVersion = 10.0.40219.1
Project("{FAE04EC0-301F-11D3-BF4B-00C04F79EFBC}") = "Zadacha01", "Zadacha01\Zadacha01.csproj", "{F5AE98CF-BDA1-4331-B45E-F143EE27FFB2}"
EndProject
Project("{FAE04EC0-301F-11D3-BF4B-00C04F79EFBC}") = "Zadacha02", "Zadacha02\Zadacha02.csproj", "{50DBF290-F151-4226-A055-1A9C3B4BC721}"
EndProject
Global
	GlobalSection(SolutionConfigurationPlatforms) = preSolution
		Debug|Any CPU = Debug|Any CPU
		Release|Any CPU = Release|Any CPU
	EndGlobalSection
	GlobalSection(ProjectConfigurationPlatforms) = postSolution
		{F5AE98CF-BDA1-4331-B45E-F143EE27FFB2}.Debug|Any CPU.ActiveCfg = Debug|Any CPU
		{F5AE98CF-BDA1-4331-B45E-F143EE27FFB2}.Debug|Any CPU.Build.0 = Debug|Any CPU
		{F5AE98CF-BDA1-4331-B45E-F143EE27FFB2}.Release|Any CPU.ActiveCfg = Release|Any CPU
		{F5AE98CF-BDA1-4331-B45E-F143EE27FFB2}.Release|Any CPU.Build.0 = Release|Any CPU
		{50DBF290-F151-4226-A055-1A9C3B4BC721}.Debug|Any CPU.ActiveCfg = Debug|Any CPU
		{50DBF290-F151-4226-A055-1A9C3B4BC721}.Debug|Any CPU.Build.0 = Debug|Any CPU
		{50DBF290-F151-4226-A055-1A9C3B4BC721}.Release|Any CPU.ActiveCfg = Release|Any CPU
		{50DBF290-F151-4226-A055-1A9C3B4BC721}.Release|Any CPU.Build.0 = Release|Any CPU
	EndGlobalSection
	GlobalSection(SolutionProperties) = preSolution
		HideSolutionNode = FALSE
	EndGlobalSection
	GlobalSection(ExtensibilityGlobals) = postSolution
		SolutionGuid = {D9CE3A59-413A-4634-8088-396F599E014C}
	EndGlobalSection
EndGlobal
